// !$*UTF8*$!
{
	archiveVersion = 1;
	classes = {
	};
	objectVersion = 48;
	objects = {

/* Begin PBXBuildFile section */
		732FEFDBECB041ED355FAAA7 /* Pods_DemoGMap.framework in Frameworks */ = {isa = PBXBuildFile; fileRef = F7EFDF8246CB38F83A4B5AF8 /* Pods_DemoGMap.framework */; };
		DB6876F6211D1FFA002E7B8C /* AppDelegate.swift in Sources */ = {isa = PBXBuildFile; fileRef = DB6876F5211D1FFA002E7B8C /* AppDelegate.swift */; };
		DB6876F8211D1FFA002E7B8C /* ViewController.swift in Sources */ = {isa = PBXBuildFile; fileRef = DB6876F7211D1FFA002E7B8C /* ViewController.swift */; };
		DB6876FB211D1FFA002E7B8C /* Main.storyboard in Resources */ = {isa = PBXBuildFile; fileRef = DB6876F9211D1FFA002E7B8C /* Main.storyboard */; };
		DB6876FD211D1FFA002E7B8C /* Assets.xcassets in Resources */ = {isa = PBXBuildFile; fileRef = DB6876FC211D1FFA002E7B8C /* Assets.xcassets */; };
		DB687700211D1FFA002E7B8C /* LaunchScreen.storyboard in Resources */ = {isa = PBXBuildFile; fileRef = DB6876FE211D1FFA002E7B8C /* LaunchScreen.storyboard */; };
/* End PBXBuildFile section */

/* Begin PBXFileReference section */
		609D4653AD29E408626742C4 /* Pods-DemoGMap.release.xcconfig */ = {isa = PBXFileReference; includeInIndex = 1; lastKnownFileType = text.xcconfig; name = "Pods-DemoGMap.release.xcconfig"; path = "Pods/Target Support Files/Pods-DemoGMap/Pods-DemoGMap.release.xcconfig"; sourceTree = "<group>"; };
		AAD77A2E149C2C5AC51C6C51 /* Pods-DemoGMap.debug.xcconfig */ = {isa = PBXFileReference; includeInIndex = 1; lastKnownFileType = text.xcconfig; name = "Pods-DemoGMap.debug.xcconfig"; path = "Pods/Target Support Files/Pods-DemoGMap/Pods-DemoGMap.debug.xcconfig"; sourceTree = "<group>"; };
		DB6876F2211D1FFA002E7B8C /* DemoGMap.app */ = {isa = PBXFileReference; explicitFileType = wrapper.application; includeInIndex = 0; path = DemoGMap.app; sourceTree = BUILT_PRODUCTS_DIR; };
		DB6876F5211D1FFA002E7B8C /* AppDelegate.swift */ = {isa = PBXFileReference; lastKnownFileType = sourcecode.swift; path = AppDelegate.swift; sourceTree = "<group>"; };
		DB6876F7211D1FFA002E7B8C /* ViewController.swift */ = {isa = PBXFileReference; lastKnownFileType = sourcecode.swift; path = ViewController.swift; sourceTree = "<group>"; wrapsLines = 1; };
		DB6876FA211D1FFA002E7B8C /* Base */ = {isa = PBXFileReference; lastKnownFileType = file.storyboard; name = Base; path = Base.lproj/Main.storyboard; sourceTree = "<group>"; };
		DB6876FC211D1FFA002E7B8C /* Assets.xcassets */ = {isa = PBXFileReference; lastKnownFileType = folder.assetcatalog; path = Assets.xcassets; sourceTree = "<group>"; };
		DB6876FF211D1FFA002E7B8C /* Base */ = {isa = PBXFileReference; lastKnownFileType = file.storyboard; name = Base; path = Base.lproj/LaunchScreen.storyboard; sourceTree = "<group>"; };
		DB687701211D1FFA002E7B8C /* Info.plist */ = {isa = PBXFileReference; lastKnownFileType = text.plist.xml; path = Info.plist; sourceTree = "<group>"; };
		F7EFDF8246CB38F83A4B5AF8 /* Pods_DemoGMap.framework */ = {isa = PBXFileReference; explicitFileType = wrapper.framework; includeInIndex = 0; path = Pods_DemoGMap.framework; sourceTree = BUILT_PRODUCTS_DIR; };
/* End PBXFileReference section */

/* Begin PBXFrameworksBuildPhase section */
		DB6876EF211D1FFA002E7B8C /* Frameworks */ = {
			isa = PBXFrameworksBuildPhase;
			buildActionMask = 2147483647;
			files = (
				732FEFDBECB041ED355FAAA7 /* Pods_DemoGMap.framework in Frameworks */,
			);
			runOnlyForDeploymentPostprocessing = 0;
		};
/* End PBXFrameworksBuildPhase section */

/* Begin PBXGroup section */
		5E5675CD220331453558570A /* Frameworks */ = {
			isa = PBXGroup;
			children = (
				F7EFDF8246CB38F83A4B5AF8 /* Pods_DemoGMap.framework */,
			);
			name = Frameworks;
			sourceTree = "<group>";
		};
		72E1B2CA6521FB403D34041F /* Pods */ = {
			isa = PBXGroup;
			children = (
				AAD77A2E149C2C5AC51C6C51 /* Pods-DemoGMap.debug.xcconfig */,
				609D4653AD29E408626742C4 /* Pods-DemoGMap.release.xcconfig */,
			);
			name = Pods;
			sourceTree = "<group>";
		};
		DB6876E9211D1FFA002E7B8C = {
			isa = PBXGroup;
			children = (
				DB6876F4211D1FFA002E7B8C /* DemoGMap */,
				DB6876F3211D1FFA002E7B8C /* Products */,
				72E1B2CA6521FB403D34041F /* Pods */,
				5E5675CD220331453558570A /* Frameworks */,
			);
			sourceTree = "<group>";
		};
		DB6876F3211D1FFA002E7B8C /* Products */ = {
			isa = PBXGroup;
			children = (
				DB6876F2211D1FFA002E7B8C /* DemoGMap.app */,
			);
			name = Products;
			sourceTree = "<group>";
		};
		DB6876F4211D1FFA002E7B8C /* DemoGMap */ = {
			isa = PBXGroup;
			children = (
				DB6876F5211D1FFA002E7B8C /* AppDelegate.swift */,
				DB6876F7211D1FFA002E7B8C /* ViewController.swift */,
				DB6876F9211D1FFA002E7B8C /* Main.storyboard */,
				DB6876FC211D1FFA002E7B8C /* Assets.xcassets */,
				DB6876FE211D1FFA002E7B8C /* LaunchScreen.storyboard */,
				DB687701211D1FFA002E7B8C /* Info.plist */,
			);
			path = DemoGMap;
			sourceTree = "<group>";
		};
/* End PBXGroup section */

/* Begin PBXNativeTarget section */
		DB6876F1211D1FFA002E7B8C /* DemoGMap */ = {
			isa = PBXNativeTarget;
			buildConfigurationList = DB687704211D1FFA002E7B8C /* Build configuration list for PBXNativeTarget "DemoGMap" */;
			buildPhases = (
				9272ADC765B4FA94175F6E4A /* [CP] Check Pods Manifest.lock */,
				DB6876EE211D1FFA002E7B8C /* Sources */,
				DB6876EF211D1FFA002E7B8C /* Frameworks */,
				DB6876F0211D1FFA002E7B8C /* Resources */,
				E4B90B2933237007704AD2FF /* [CP] Copy Pods Resources */,
			);
			buildRules = (
			);
			dependencies = (
			);
			name = DemoGMap;
			productName = DemoGMap;
			productReference = DB6876F2211D1FFA002E7B8C /* DemoGMap.app */;
			productType = "com.apple.product-type.application";
		};
/* End PBXNativeTarget section */

/* Begin PBXProject section */
		DB6876EA211D1FFA002E7B8C /* Project object */ = {
			isa = PBXProject;
			attributes = {
				LastSwiftUpdateCheck = 0920;
				LastUpgradeCheck = 0920;
				ORGANIZATIONNAME = "Đừng xóa";
				TargetAttributes = {
					DB6876F1211D1FFA002E7B8C = {
						CreatedOnToolsVersion = 9.2;
						ProvisioningStyle = Automatic;
					};
				};
			};
			buildConfigurationList = DB6876ED211D1FFA002E7B8C /* Build configuration list for PBXProject "DemoGMap" */;
			compatibilityVersion = "Xcode 8.0";
			developmentRegion = en;
			hasScannedForEncodings = 0;
			knownRegions = (
				en,
				Base,
			);
			mainGroup = DB6876E9211D1FFA002E7B8C;
			productRefGroup = DB6876F3211D1FFA002E7B8C /* Products */;
			projectDirPath = "";
			projectRoot = "";
			targets = (
				DB6876F1211D1FFA002E7B8C /* DemoGMap */,
			);
		};
/* End PBXProject section */

/* Begin PBXResourcesBuildPhase section */
		DB6876F0211D1FFA002E7B8C /* Resources */ = {
			isa = PBXResourcesBuildPhase;
			buildActionMask = 2147483647;
			files = (
				DB687700211D1FFA002E7B8C /* LaunchScreen.storyboard in Resources */,
				DB6876FD211D1FFA002E7B8C /* Assets.xcassets in Resources */,
				DB6876FB211D1FFA002E7B8C /* Main.storyboard in Resources */,
			);
			runOnlyForDeploymentPostprocessing = 0;
		};
/* End PBXResourcesBuildPhase section */

/* Begin PBXShellScriptBuildPhase section */
		9272ADC765B4FA94175F6E4A /* [CP] Check Pods Manifest.lock */ = {
			isa = PBXShellScriptBuildPhase;
			buildActionMask = 2147483647;
			files = (
			);
			inputPaths = (
				"${PODS_PODFILE_DIR_PATH}/Podfile.lock",
				"${PODS_ROOT}/Manifest.lock",
			);
			name = "[CP] Check Pods Manifest.lock";
			outputPaths = (
				"$(DERIVED_FILE_DIR)/Pods-DemoGMap-checkManifestLockResult.txt",
			);
			runOnlyForDeploymentPostprocessing = 0;
			shellPath = /bin/sh;
			shellScript = "diff \"${PODS_PODFILE_DIR_PATH}/Podfile.lock\" \"${PODS_ROOT}/Manifest.lock\" > /dev/null\nif [ $? != 0 ] ; then\n    # print error to STDERR\n    echo \"error: The sandbox is not in sync with the Podfile.lock. Run 'pod install' or update your CocoaPods installation.\" >&2\n    exit 1\nfi\n# This output is used by Xcode 'outputs' to avoid re-running this script phase.\necho \"SUCCESS\" > \"${SCRIPT_OUTPUT_FILE_0}\"\n";
			showEnvVarsInLog = 0;
		};
		E4B90B2933237007704AD2FF /* [CP] Copy Pods Resources */ = {
			isa = PBXShellScriptBuildPhase;
			buildActionMask = 2147483647;
			files = (
			);
			inputPaths = (
				"${SRCROOT}/Pods/Target Support Files/Pods-DemoGMap/Pods-DemoGMap-resources.sh",
				"${PODS_ROOT}/GoogleMaps/Maps/Frameworks/GoogleMaps.framework/Resources/GoogleMaps.bundle",
				"${PODS_ROOT}/GooglePlaces/Frameworks/GooglePlaces.framework/Resources/GooglePlaces.bundle",
			);
			name = "[CP] Copy Pods Resources";
			outputPaths = (
				"${TARGET_BUILD_DIR}/${UNLOCALIZED_RESOURCES_FOLDER_PATH}/GoogleMaps.bundle",
				"${TARGET_BUILD_DIR}/${UNLOCALIZED_RESOURCES_FOLDER_PATH}/GooglePlaces.bundle",
			);
			runOnlyForDeploymentPostprocessing = 0;
			shellPath = /bin/sh;
			shellScript = "\"${SRCROOT}/Pods/Target Support Files/Pods-DemoGMap/Pods-DemoGMap-resources.sh\"\n";
			showEnvVarsInLog = 0;
		};
/* End PBXShellScriptBuildPhase section */

/* Begin PBXSourcesBuildPhase section */
		DB6876EE211D1FFA002E7B8C /* Sources */ = {
			isa = PBXSourcesBuildPhase;
			buildActionMask = 2147483647;
			files = (
				DB6876F8211D1FFA002E7B8C /* ViewController.swift in Sources */,
				DB6876F6211D1FFA002E7B8C /* AppDelegate.swift in Sources */,
			);
			runOnlyForDeploymentPostprocessing = 0;
		};
/* End PBXSourcesBuildPhase section */

/* Begin PBXVariantGroup section */
		DB6876F9211D1FFA002E7B8C /* Main.storyboard */ = {
			isa = PBXVariantGroup;
			children = (
				DB6876FA211D1FFA002E7B8C /* Base */,
			);
			name = Main.storyboard;
			sourceTree = "<group>";
		};
		DB6876FE211D1FFA002E7B8C /* LaunchScreen.storyboard */ = {
			isa = PBXVariantGroup;
			children = (
				DB6876FF211D1FFA002E7B8C /* Base */,
			);
			name = LaunchScreen.storyboard;
			sourceTree = "<group>";
		};
/* End PBXVariantGroup section */

/* Begin XCBuildConfiguration section */
		DB687702211D1FFA002E7B8C /* Debug */ = {
			isa = XCBuildConfiguration;
			buildSettings = {
				ALWAYS_SEARCH_USER_PATHS = NO;
				CLANG_ANALYZER_NONNULL = YES;
				CLANG_ANALYZER_NUMBER_OBJECT_CONVERSION = YES_AGGRESSIVE;
				CLANG_CXX_LANGUAGE_STANDARD = "gnu++14";
				CLANG_CXX_LIBRARY = "libc++";
				CLANG_ENABLE_MODULES = YES;
				CLANG_ENABLE_OBJC_ARC = YES;
				CLANG_WARN_BLOCK_CAPTURE_AUTORELEASING = YES;
				CLANG_WARN_BOOL_CONVERSION = YES;
				CLANG_WARN_COMMA = YES;
				CLANG_WARN_CONSTANT_CONVERSION = YES;
				CLANG_WARN_DIRECT_OBJC_ISA_USAGE = YES_ERROR;
				CLANG_WARN_DOCUMENTATION_COMMENTS = YES;
				CLANG_WARN_EMPTY_BODY = YES;
				CLANG_WARN_ENUM_CONVERSION = YES;
				CLANG_WARN_INFINITE_RECURSION = YES;
				CLANG_WARN_INT_CONVERSION = YES;
				CLANG_WARN_NON_LITERAL_NULL_CONVERSION = YES;
				CLANG_WARN_OBJC_LITERAL_CONVERSION = YES;
				CLANG_WARN_OBJC_ROOT_CLASS = YES_ERROR;
				CLANG_WARN_RANGE_LOOP_ANALYSIS = YES;
				CLANG_WARN_STRICT_PROTOTYPES = YES;
				CLANG_WARN_SUSPICIOUS_MOVE = YES;
				CLANG_WARN_UNGUARDED_AVAILABILITY = YES_AGGRESSIVE;
				CLANG_WARN_UNREACHABLE_CODE = YES;
				CLANG_WARN__DUPLICATE_METHOD_MATCH = YES;
				CODE_SIGN_IDENTITY = "iPhone Developer";
				COPY_PHASE_STRIP = NO;
				DEBUG_INFORMATION_FORMAT = dwarf;
				ENABLE_STRICT_OBJC_MSGSEND = YES;
				ENABLE_TESTABILITY = YES;
				GCC_C_LANGUAGE_STANDARD = gnu11;
				GCC_DYNAMIC_NO_PIC = NO;
				GCC_NO_COMMON_BLOCKS = YES;
				GCC_OPTIMIZATION_LEVEL = 0;
				GCC_PREPROCESSOR_DEFINITIONS = (
					"DEBUG=1",
					"$(inherited)",
				);
				GCC_WARN_64_TO_32_BIT_CONVERSION = YES;
				GCC_WARN_ABOUT_RETURN_TYPE = YES_ERROR;
				GCC_WARN_UNDECLARED_SELECTOR = YES;
				GCC_WARN_UNINITIALIZED_AUTOS = YES_AGGRESSIVE;
				GCC_WARN_UNUSED_FUNCTION = YES;
				GCC_WARN_UNUSED_VARIABLE = YES;
				IPHONEOS_DEPLOYMENT_TARGET = 11.2;
				MTL_ENABLE_DEBUG_INFO = YES;
				ONLY_ACTIVE_ARCH = YES;
				SDKROOT = iphoneos;
				SWIFT_ACTIVE_COMPILATION_CONDITIONS = DEBUG;
				SWIFT_OPTIMIZATION_LEVEL = "-Onone";
			};
			name = Debug;
		};
		DB687703211D1FFA002E7B8C /* Release */ = {
			isa = XCBuildConfiguration;
			buildSettings = {
				ALWAYS_SEARCH_USER_PATHS = NO;
				CLANG_ANALYZER_NONNULL = YES;
				CLANG_ANALYZER_NUMBER_OBJECT_CONVERSION = YES_AGGRESSIVE;
				CLANG_CXX_LANGUAGE_STANDARD = "gnu++14";
				CLANG_CXX_LIBRARY = "libc++";
				CLANG_ENABLE_MODULES = YES;
				CLANG_ENABLE_OBJC_ARC = YES;
				CLANG_WARN_BLOCK_CAPTURE_AUTORELEASING = YES;
				CLANG_WARN_BOOL_CONVERSION = YES;
				CLANG_WARN_COMMA = YES;
				CLANG_WARN_CONSTANT_CONVERSION = YES;
				CLANG_WARN_DIRECT_OBJC_ISA_USAGE = YES_ERROR;
				CLANG_WARN_DOCUMENTATION_COMMENTS = YES;
				CLANG_WARN_EMPTY_BODY = YES;
				CLANG_WARN_ENUM_CONVERSION = YES;
				CLANG_WARN_INFINITE_RECURSION = YES;
				CLANG_WARN_INT_CONVERSION = YES;
				CLANG_WARN_NON_LITERAL_NULL_CONVERSION = YES;
				CLANG_WARN_OBJC_LITERAL_CONVERSION = YES;
				CLANG_WARN_OBJC_ROOT_CLASS = YES_ERROR;
				CLANG_WARN_RANGE_LOOP_ANALYSIS = YES;
				CLANG_WARN_STRICT_PROTOTYPES = YES;
				CLANG_WARN_SUSPICIOUS_MOVE = YES;
				CLANG_WARN_UNGUARDED_AVAILABILITY = YES_AGGRESSIVE;
				CLANG_WARN_UNREACHABLE_CODE = YES;
				CLANG_WARN__DUPLICATE_METHOD_MATCH = YES;
				CODE_SIGN_IDENTITY = "iPhone Developer";
				COPY_PHASE_STRIP = NO;
				DEBUG_INFORMATION_FORMAT = "dwarf-with-dsym";
				ENABLE_NS_ASSERTIONS = NO;
				ENABLE_STRICT_OBJC_MSGSEND = YES;
				GCC_C_LANGUAGE_STANDARD = gnu11;
				GCC_NO_COMMON_BLOCKS = YES;
				GCC_WARN_64_TO_32_BIT_CONVERSION = YES;
				GCC_WARN_ABOUT_RETURN_TYPE = YES_ERROR;
				GCC_WARN_UNDECLARED_SELECTOR = YES;
				GCC_WARN_UNINITIALIZED_AUTOS = YES_AGGRESSIVE;
				GCC_WARN_UNUSED_FUNCTION = YES;
				GCC_WARN_UNUSED_VARIABLE = YES;
				IPHONEOS_DEPLOYMENT_TARGET = 11.2;
				MTL_ENABLE_DEBUG_INFO = NO;
				SDKROOT = iphoneos;
				SWIFT_OPTIMIZATION_LEVEL = "-Owholemodule";
				VALIDATE_PRODUCT = YES;
			};
			name = Release;
		};
		DB687705211D1FFA002E7B8C /* Debug */ = {
			isa = XCBuildConfiguration;
			baseConfigurationReference = AAD77A2E149C2C5AC51C6C51 /* Pods-DemoGMap.debug.xcconfig */;
			buildSettings = {
				ASSETCATALOG_COMPILER_APPICON_NAME = AppIcon;
				CODE_SIGN_STYLE = Automatic;
				INFOPLIST_FILE = DemoGMap/Info.plist;
				LD_RUNPATH_SEARCH_PATHS = "$(inherited) @executable_path/Frameworks";
				PRODUCT_BUNDLE_IDENTIFIER = Hhuyy.DemoGMap;
				PRODUCT_NAME = "$(TARGET_NAME)";
				SWIFT_VERSION = 4.0;
				TARGETED_DEVICE_FAMILY = "1,2";
			};
			name = Debug;
		};
		DB687706211D1FFA002E7B8C /* Release */ = {
			isa = XCBuildConfiguration;
			baseConfigurationReference = 609D4653AD29E408626742C4 /* Pods-DemoGMap.release.xcconfig */;
			buildSettings = {
				ASSETCATALOG_COMPILER_APPICON_NAME = AppIcon;
				CODE_SIGN_STYLE = Automatic;
				INFOPLIST_FILE = DemoGMap/Info.plist;
				LD_RUNPATH_SEARCH_PATHS = "$(inherited) @executable_path/Frameworks";
				PRODUCT_BUNDLE_IDENTIFIER = Hhuyy.DemoGMap;
				PRODUCT_NAME = "$(TARGET_NAME)";
				SWIFT_VERSION = 4.0;
				TARGETED_DEVICE_FAMILY = "1,2";
			};
			name = Release;
		};
/* End XCBuildConfiguration section */

/* Begin XCConfigurationList section */
		DB6876ED211D1FFA002E7B8C /* Build configuration list for PBXProject "DemoGMap" */ = {
			isa = XCConfigurationList;
			buildConfigurations = (
				DB687702211D1FFA002E7B8C /* Debug */,
				DB687703211D1FFA002E7B8C /* Release */,
			);
			defaultConfigurationIsVisible = 0;
			defaultConfigurationName = Release;
		};
		DB687704211D1FFA002E7B8C /* Build configuration list for PBXNativeTarget "DemoGMap" */ = {
			isa = XCConfigurationList;
			buildConfigurations = (
				DB687705211D1FFA002E7B8C /* Debug */,
				DB687706211D1FFA002E7B8C /* Release */,
			);
			defaultConfigurationIsVisible = 0;
			defaultConfigurationName = Release;
		};
/* End XCConfigurationList section */
	};
	rootObject = DB6876EA211D1FFA002E7B8C /* Project object */;
}
